
Microsoft Visual Studio Solution File, Format Version 12.00
# Visual Studio Version 17
VisualStudioVersion = 17.4.33110.190
MinimumVisualStudioVersion = 10.0.40219.1
Project("{FAE04EC0-301F-11D3-BF4B-00C04F79EFBC}") = "Apptitude test Problem A", "Apptitude test Problem A\Apptitude test Problem A.csproj", "{30CBCBF5-2AEC-42FA-8812-38D50CACC389}"
EndProject
Global
	GlobalSection(SolutionConfigurationPlatforms) = preSolution
		Debug|Any CPU = Debug|Any CPU
		Release|Any CPU = Release|Any CPU
	EndGlobalSection
	GlobalSection(ProjectConfigurationPlatforms) = postSolution
		{30CBCBF5-2AEC-42FA-8812-38D50CACC389}.Debug|Any CPU.ActiveCfg = Debug|Any CPU
		{30CBCBF5-2AEC-42FA-8812-38D50CACC389}.Debug|Any CPU.Build.0 = Debug|Any CPU
		{30CBCBF5-2AEC-42FA-8812-38D50CACC389}.Release|Any CPU.ActiveCfg = Release|Any CPU
		{30CBCBF5-2AEC-42FA-8812-38D50CACC389}.Release|Any CPU.Build.0 = Release|Any CPU
	EndGlobalSection
	GlobalSection(SolutionProperties) = preSolution
		HideSolutionNode = FALSE
	EndGlobalSection
	GlobalSection(ExtensibilityGlobals) = postSolution
		SolutionGuid = {0E140596-398A-4FB2-8ED7-7E1C2554494C}
	EndGlobalSection
EndGlobal
